
Microsoft Visual Studio Solution File, Format Version 12.00
# Visual Studio Version 17
VisualStudioVersion = 17.14.36121.58
MinimumVisualStudioVersion = 10.0.40219.1
Project("{FAE04EC0-301F-11D3-BF4B-00C04F79EFBC}") = "TensorArtPlayWrightDotNet", "TensorArtPlayWrightDotNet\TensorArtPlayWrightDotNet.csproj", "{4787DDA2-D957-426A-B4C0-9623797CDCCB}"
EndProject
Project("{FAE04EC0-301F-11D3-BF4B-00C04F79EFBC}") = "DiscordChannelReader", "DiscordChannelReader\DiscordChannelReader.csproj", "{B11939F4-CE3A-430E-B13C-715884CC8074}"
EndProject
Global
	GlobalSection(SolutionConfigurationPlatforms) = preSolution
		Debug|Any CPU = Debug|Any CPU
		Debug|x64 = Debug|x64
		Debug|x86 = Debug|x86
		Release|Any CPU = Release|Any CPU
		Release|x64 = Release|x64
		Release|x86 = Release|x86
	EndGlobalSection
	GlobalSection(ProjectConfigurationPlatforms) = postSolution
		{4787DDA2-D957-426A-B4C0-9623797CDCCB}.Debug|Any CPU.ActiveCfg = Debug|Any CPU
		{4787DDA2-D957-426A-B4C0-9623797CDCCB}.Debug|Any CPU.Build.0 = Debug|Any CPU
		{4787DDA2-D957-426A-B4C0-9623797CDCCB}.Debug|x64.ActiveCfg = Debug|Any CPU
		{4787DDA2-D957-426A-B4C0-9623797CDCCB}.Debug|x64.Build.0 = Debug|Any CPU
		{4787DDA2-D957-426A-B4C0-9623797CDCCB}.Debug|x86.ActiveCfg = Debug|Any CPU
		{4787DDA2-D957-426A-B4C0-9623797CDCCB}.Debug|x86.Build.0 = Debug|Any CPU
		{4787DDA2-D957-426A-B4C0-9623797CDCCB}.Release|Any CPU.ActiveCfg = Release|Any CPU
		{4787DDA2-D957-426A-B4C0-9623797CDCCB}.Release|Any CPU.Build.0 = Release|Any CPU
		{4787DDA2-D957-426A-B4C0-9623797CDCCB}.Release|x64.ActiveCfg = Release|Any CPU
		{4787DDA2-D957-426A-B4C0-9623797CDCCB}.Release|x64.Build.0 = Release|Any CPU
		{4787DDA2-D957-426A-B4C0-9623797CDCCB}.Release|x86.ActiveCfg = Release|Any CPU
		{4787DDA2-D957-426A-B4C0-9623797CDCCB}.Release|x86.Build.0 = Release|Any CPU
		{B11939F4-CE3A-430E-B13C-715884CC8074}.Debug|Any CPU.ActiveCfg = Debug|Any CPU
		{B11939F4-CE3A-430E-B13C-715884CC8074}.Debug|Any CPU.Build.0 = Debug|Any CPU
		{B11939F4-CE3A-430E-B13C-715884CC8074}.Debug|x64.ActiveCfg = Debug|Any CPU
		{B11939F4-CE3A-430E-B13C-715884CC8074}.Debug|x64.Build.0 = Debug|Any CPU
		{B11939F4-CE3A-430E-B13C-715884CC8074}.Debug|x86.ActiveCfg = Debug|Any CPU
		{B11939F4-CE3A-430E-B13C-715884CC8074}.Debug|x86.Build.0 = Debug|Any CPU
		{B11939F4-CE3A-430E-B13C-715884CC8074}.Release|Any CPU.ActiveCfg = Release|Any CPU
		{B11939F4-CE3A-430E-B13C-715884CC8074}.Release|Any CPU.Build.0 = Release|Any CPU
		{B11939F4-CE3A-430E-B13C-715884CC8074}.Release|x64.ActiveCfg = Release|Any CPU
		{B11939F4-CE3A-430E-B13C-715884CC8074}.Release|x64.Build.0 = Release|Any CPU
		{B11939F4-CE3A-430E-B13C-715884CC8074}.Release|x86.ActiveCfg = Release|Any CPU
		{B11939F4-CE3A-430E-B13C-715884CC8074}.Release|x86.Build.0 = Release|Any CPU
	EndGlobalSection
	GlobalSection(SolutionProperties) = preSolution
		HideSolutionNode = FALSE
	EndGlobalSection
	GlobalSection(ExtensibilityGlobals) = postSolution
		SolutionGuid = {50E7830D-8431-42EB-AA7B-E4A3F1C17718}
	EndGlobalSection
EndGlobal
